PODS:
  - Alamofire (5.2.2)
  - JGProgressHUD (2.1)
  - RxBlocking (5.1.1):
    - RxSwift (~> 5)
  - RxCocoa (5.1.1):
    - RxRelay (~> 5)
    - RxSwift (~> 5)
  - RxKeyboard (1.0.0):
    - RxCocoa (~> 5.0)
    - RxSwift (~> 5.0)
  - RxRelay (5.1.1):
    - RxSwift (~> 5)
  - RxSwift (5.1.1)
  - RxTest (5.1.1):
    - RxSwift (~> 5)

DEPENDENCIES:
  - Alamofire
  - JGProgressHUD
  - RxBlocking
  - RxCocoa
  - RxKeyboard
  - RxSwift
  - RxTest

SPEC REPOS:
  trunk:
    - Alamofire
    - JGProgressHUD
    - RxBlocking
    - RxCocoa
    - RxKeyboard
    - RxRelay
    - RxSwift
    - RxTest

SPEC CHECKSUMS:
  Alamofire: 814429acc853c6c54ff123fc3d2ef66803823ce0
  JGProgressHUD: aa403e9a5b45cae98903c4600cccdd98c0c3ec90
  RxBlocking: 5f700a78cad61ce253ebd37c9a39b5ccc76477b4
  RxCocoa: 32065309a38d29b5b0db858819b5bf9ef038b601
  RxKeyboard: 6683c4344304a00f943c158bd8a43ce5469c82a7
  RxRelay: d77f7d771495f43c556cbc43eebd1bb54d01e8e9
  RxSwift: 81470a2074fa8780320ea5fe4102807cb7118178
  RxTest: 711632d5644dffbeb62c936a521b5b008a1e1faa

PODFILE CHECKSUM: 246cde579370243bf5d0d2431c39dc2c50a82355

COCOAPODS: 1.9.3
